
Microsoft Visual Studio Solution File, Format Version 12.00
# Visual Studio 14
VisualStudioVersion = 14.0.25420.1
MinimumVisualStudioVersion = 10.0.40219.1
Project("{8BC9CEB8-8B4A-11D0-8D11-00A0C91BC942}") = "AntiTMD", "AntiTMD.vcxproj", "{E6F15F23-5BEB-438B-858D-D8E2BC290C3C}"
EndProject
Project("{8BC9CEB8-8B4A-11D0-8D11-00A0C91BC942}") = "OllyAntiTmd", "OllyAntiTmd\OllyAntiTmd.vcxproj", "{DDA252F4-22F7-404B-9C86-8ABEF8196DCD}"
EndProject
Project("{8BC9CEB8-8B4A-11D0-8D11-00A0C91BC942}") = "OllyAntiTmd2", "OllyAntiTmd2\OllyAntiTmd2.vcxproj", "{592F2FFE-025A-4BE3-89EE-830641769E0B}"
EndProject
Global
	GlobalSection(SolutionConfigurationPlatforms) = preSolution
		Checked_win7|x64 = Checked_win7|x64
		Checked_win7|x86 = Checked_win7|x86
		Checked_wlh|x64 = Checked_wlh|x64
		Checked_wlh|x86 = Checked_wlh|x86
		Checked_wnet|x64 = Checked_wnet|x64
		Checked_wnet|x86 = Checked_wnet|x86
		Checked_wxp|x64 = Checked_wxp|x64
		Checked_wxp|x86 = Checked_wxp|x86
		Debug|x64 = Debug|x64
		Debug|x86 = Debug|x86
		Free_win7|x64 = Free_win7|x64
		Free_win7|x86 = Free_win7|x86
		Free_wlh|x64 = Free_wlh|x64
		Free_wlh|x86 = Free_wlh|x86
		Free_wnet|x64 = Free_wnet|x64
		Free_wnet|x86 = Free_wnet|x86
		Free_wxp|x64 = Free_wxp|x64
		Free_wxp|x86 = Free_wxp|x86
		Release|x64 = Release|x64
		Release|x86 = Release|x86
	EndGlobalSection
	GlobalSection(ProjectConfigurationPlatforms) = postSolution
		{E6F15F23-5BEB-438B-858D-D8E2BC290C3C}.Checked_win7|x64.ActiveCfg = Checked_win7|x64
		{E6F15F23-5BEB-438B-858D-D8E2BC290C3C}.Checked_win7|x64.Build.0 = Checked_win7|x64
		{E6F15F23-5BEB-438B-858D-D8E2BC290C3C}.Checked_win7|x86.ActiveCfg = Checked_win7|Win32
		{E6F15F23-5BEB-438B-858D-D8E2BC290C3C}.Checked_win7|x86.Build.0 = Checked_win7|Win32
		{E6F15F23-5BEB-438B-858D-D8E2BC290C3C}.Checked_wlh|x64.ActiveCfg = Checked_wlh|x64
		{E6F15F23-5BEB-438B-858D-D8E2BC290C3C}.Checked_wlh|x64.Build.0 = Checked_wlh|x64
		{E6F15F23-5BEB-438B-858D-D8E2BC290C3C}.Checked_wlh|x86.ActiveCfg = Checked_wlh|Win32
		{E6F15F23-5BEB-438B-858D-D8E2BC290C3C}.Checked_wlh|x86.Build.0 = Checked_wlh|Win32
		{E6F15F23-5BEB-438B-858D-D8E2BC290C3C}.Checked_wnet|x64.ActiveCfg = Checked_wnet|x64
		{E6F15F23-5BEB-438B-858D-D8E2BC290C3C}.Checked_wnet|x64.Build.0 = Checked_wnet|x64
		{E6F15F23-5BEB-438B-858D-D8E2BC290C3C}.Checked_wnet|x86.ActiveCfg = Checked_wnet|Win32
		{E6F15F23-5BEB-438B-858D-D8E2BC290C3C}.Checked_wnet|x86.Build.0 = Checked_wnet|Win32
		{E6F15F23-5BEB-438B-858D-D8E2BC290C3C}.Checked_wxp|x64.ActiveCfg = Checked_wxp|x64
		{E6F15F23-5BEB-438B-858D-D8E2BC290C3C}.Checked_wxp|x64.Build.0 = Checked_wxp|x64
		{E6F15F23-5BEB-438B-858D-D8E2BC290C3C}.Checked_wxp|x86.ActiveCfg = Checked_wxp|Win32
		{E6F15F23-5BEB-438B-858D-D8E2BC290C3C}.Checked_wxp|x86.Build.0 = Checked_wxp|Win32
		{E6F15F23-5BEB-438B-858D-D8E2BC290C3C}.Debug|x64.ActiveCfg = Free_wxp|x64
		{E6F15F23-5BEB-438B-858D-D8E2BC290C3C}.Debug|x64.Build.0 = Free_wxp|x64
		{E6F15F23-5BEB-438B-858D-D8E2BC290C3C}.Debug|x86.ActiveCfg = Free_wxp|Win32
		{E6F15F23-5BEB-438B-858D-D8E2BC290C3C}.Debug|x86.Build.0 = Free_wxp|Win32
		{E6F15F23-5BEB-438B-858D-D8E2BC290C3C}.Free_win7|x64.ActiveCfg = Free_win7|x64
		{E6F15F23-5BEB-438B-858D-D8E2BC290C3C}.Free_win7|x64.Build.0 = Free_win7|x64
		{E6F15F23-5BEB-438B-858D-D8E2BC290C3C}.Free_win7|x86.ActiveCfg = Free_win7|Win32
		{E6F15F23-5BEB-438B-858D-D8E2BC290C3C}.Free_win7|x86.Build.0 = Free_win7|Win32
		{E6F15F23-5BEB-438B-858D-D8E2BC290C3C}.Free_wlh|x64.ActiveCfg = Free_wlh|x64
		{E6F15F23-5BEB-438B-858D-D8E2BC290C3C}.Free_wlh|x64.Build.0 = Free_wlh|x64
		{E6F15F23-5BEB-438B-858D-D8E2BC290C3C}.Free_wlh|x86.ActiveCfg = Free_wlh|Win32
		{E6F15F23-5BEB-438B-858D-D8E2BC290C3C}.Free_wlh|x86.Build.0 = Free_wlh|Win32
		{E6F15F23-5BEB-438B-858D-D8E2BC290C3C}.Free_wnet|x64.ActiveCfg = Free_wnet|x64
		{E6F15F23-5BEB-438B-858D-D8E2BC290C3C}.Free_wnet|x64.Build.0 = Free_wnet|x64
		{E6F15F23-5BEB-438B-858D-D8E2BC290C3C}.Free_wnet|x86.ActiveCfg = Free_wnet|Win32
		{E6F15F23-5BEB-438B-858D-D8E2BC290C3C}.Free_wnet|x86.Build.0 = Free_wnet|Win32
		{E6F15F23-5BEB-438B-858D-D8E2BC290C3C}.Free_wxp|x64.ActiveCfg = Free_wxp|x64
		{E6F15F23-5BEB-438B-858D-D8E2BC290C3C}.Free_wxp|x64.Build.0 = Free_wxp|x64
		{E6F15F23-5BEB-438B-858D-D8E2BC290C3C}.Free_wxp|x86.ActiveCfg = Free_wxp|Win32
		{E6F15F23-5BEB-438B-858D-D8E2BC290C3C}.Free_wxp|x86.Build.0 = Free_wxp|Win32
		{E6F15F23-5BEB-438B-858D-D8E2BC290C3C}.Release|x64.ActiveCfg = Free_wxp|x64
		{E6F15F23-5BEB-438B-858D-D8E2BC290C3C}.Release|x64.Build.0 = Free_wxp|x64
		{E6F15F23-5BEB-438B-858D-D8E2BC290C3C}.Release|x86.ActiveCfg = Free_wxp|Win32
		{E6F15F23-5BEB-438B-858D-D8E2BC290C3C}.Release|x86.Build.0 = Free_wxp|Win32
		{DDA252F4-22F7-404B-9C86-8ABEF8196DCD}.Checked_win7|x64.ActiveCfg = Release|x64
		{DDA252F4-22F7-404B-9C86-8ABEF8196DCD}.Checked_win7|x64.Build.0 = Release|x64
		{DDA252F4-22F7-404B-9C86-8ABEF8196DCD}.Checked_win7|x86.ActiveCfg = Release|Win32
		{DDA252F4-22F7-404B-9C86-8ABEF8196DCD}.Checked_win7|x86.Build.0 = Release|Win32
		{DDA252F4-22F7-404B-9C86-8ABEF8196DCD}.Checked_wlh|x64.ActiveCfg = Release|x64
		{DDA252F4-22F7-404B-9C86-8ABEF8196DCD}.Checked_wlh|x64.Build.0 = Release|x64
		{DDA252F4-22F7-404B-9C86-8ABEF8196DCD}.Checked_wlh|x86.ActiveCfg = Release|Win32
		{DDA252F4-22F7-404B-9C86-8ABEF8196DCD}.Checked_wlh|x86.Build.0 = Release|Win32
		{DDA252F4-22F7-404B-9C86-8ABEF8196DCD}.Checked_wnet|x64.ActiveCfg = Release|x64
		{DDA252F4-22F7-404B-9C86-8ABEF8196DCD}.Checked_wnet|x64.Build.0 = Release|x64
		{DDA252F4-22F7-404B-9C86-8ABEF8196DCD}.Checked_wnet|x86.ActiveCfg = Release|Win32
		{DDA252F4-22F7-404B-9C86-8ABEF8196DCD}.Checked_wnet|x86.Build.0 = Release|Win32
		{DDA252F4-22F7-404B-9C86-8ABEF8196DCD}.Checked_wxp|x64.ActiveCfg = Release|x64
		{DDA252F4-22F7-404B-9C86-8ABEF8196DCD}.Checked_wxp|x64.Build.0 = Release|x64
		{DDA252F4-22F7-404B-9C86-8ABEF8196DCD}.Checked_wxp|x86.ActiveCfg = Release|Win32
		{DDA252F4-22F7-404B-9C86-8ABEF8196DCD}.Checked_wxp|x86.Build.0 = Release|Win32
		{DDA252F4-22F7-404B-9C86-8ABEF8196DCD}.Debug|x64.ActiveCfg = Debug|x64
		{DDA252F4-22F7-404B-9C86-8ABEF8196DCD}.Debug|x64.Build.0 = Debug|x64
		{DDA252F4-22F7-404B-9C86-8ABEF8196DCD}.Debug|x86.ActiveCfg = Debug|Win32
		{DDA252F4-22F7-404B-9C86-8ABEF8196DCD}.Debug|x86.Build.0 = Debug|Win32
		{DDA252F4-22F7-404B-9C86-8ABEF8196DCD}.Free_win7|x64.ActiveCfg = Release|x64
		{DDA252F4-22F7-404B-9C86-8ABEF8196DCD}.Free_win7|x64.Build.0 = Release|x64
		{DDA252F4-22F7-404B-9C86-8ABEF8196DCD}.Free_win7|x86.ActiveCfg = Release|Win32
		{DDA252F4-22F7-404B-9C86-8ABEF8196DCD}.Free_win7|x86.Build.0 = Release|Win32
		{DDA252F4-22F7-404B-9C86-8ABEF8196DCD}.Free_wlh|x64.ActiveCfg = Release|x64
		{DDA252F4-22F7-404B-9C86-8ABEF8196DCD}.Free_wlh|x64.Build.0 = Release|x64
		{DDA252F4-22F7-404B-9C86-8ABEF8196DCD}.Free_wlh|x86.ActiveCfg = Release|Win32
		{DDA252F4-22F7-404B-9C86-8ABEF8196DCD}.Free_wlh|x86.Build.0 = Release|Win32
		{DDA252F4-22F7-404B-9C86-8ABEF8196DCD}.Free_wnet|x64.ActiveCfg = Release|x64
		{DDA252F4-22F7-404B-9C86-8ABEF8196DCD}.Free_wnet|x64.Build.0 = Release|x64
		{DDA252F4-22F7-404B-9C86-8ABEF8196DCD}.Free_wnet|x86.ActiveCfg = Release|Win32
		{DDA252F4-22F7-404B-9C86-8ABEF8196DCD}.Free_wnet|x86.Build.0 = Release|Win32
		{DDA252F4-22F7-404B-9C86-8ABEF8196DCD}.Free_wxp|x64.ActiveCfg = Release|x64
		{DDA252F4-22F7-404B-9C86-8ABEF8196DCD}.Free_wxp|x64.Build.0 = Release|x64
		{DDA252F4-22F7-404B-9C86-8ABEF8196DCD}.Free_wxp|x86.ActiveCfg = Release|Win32
		{DDA252F4-22F7-404B-9C86-8ABEF8196DCD}.Free_wxp|x86.Build.0 = Release|Win32
		{DDA252F4-22F7-404B-9C86-8ABEF8196DCD}.Release|x64.ActiveCfg = Release|x64
		{DDA252F4-22F7-404B-9C86-8ABEF8196DCD}.Release|x64.Build.0 = Release|x64
		{DDA252F4-22F7-404B-9C86-8ABEF8196DCD}.Release|x86.ActiveCfg = Release|Win32
		{DDA252F4-22F7-404B-9C86-8ABEF8196DCD}.Release|x86.Build.0 = Release|Win32
		{592F2FFE-025A-4BE3-89EE-830641769E0B}.Checked_win7|x64.ActiveCfg = Release|x64
		{592F2FFE-025A-4BE3-89EE-830641769E0B}.Checked_win7|x64.Build.0 = Release|x64
		{592F2FFE-025A-4BE3-89EE-830641769E0B}.Checked_win7|x86.ActiveCfg = Release|Win32
		{592F2FFE-025A-4BE3-89EE-830641769E0B}.Checked_win7|x86.Build.0 = Release|Win32
		{592F2FFE-025A-4BE3-89EE-830641769E0B}.Checked_wlh|x64.ActiveCfg = Release|x64
		{592F2FFE-025A-4BE3-89EE-830641769E0B}.Checked_wlh|x64.Build.0 = Release|x64
		{592F2FFE-025A-4BE3-89EE-830641769E0B}.Checked_wlh|x86.ActiveCfg = Release|Win32
		{592F2FFE-025A-4BE3-89EE-830641769E0B}.Checked_wlh|x86.Build.0 = Release|Win32
		{592F2FFE-025A-4BE3-89EE-830641769E0B}.Checked_wnet|x64.ActiveCfg = Release|x64
		{592F2FFE-025A-4BE3-89EE-830641769E0B}.Checked_wnet|x64.Build.0 = Release|x64
		{592F2FFE-025A-4BE3-89EE-830641769E0B}.Checked_wnet|x86.ActiveCfg = Release|Win32
		{592F2FFE-025A-4BE3-89EE-830641769E0B}.Checked_wnet|x86.Build.0 = Release|Win32
		{592F2FFE-025A-4BE3-89EE-830641769E0B}.Checked_wxp|x64.ActiveCfg = Release|x64
		{592F2FFE-025A-4BE3-89EE-830641769E0B}.Checked_wxp|x64.Build.0 = Release|x64
		{592F2FFE-025A-4BE3-89EE-830641769E0B}.Checked_wxp|x86.ActiveCfg = Release|Win32
		{592F2FFE-025A-4BE3-89EE-830641769E0B}.Checked_wxp|x86.Build.0 = Release|Win32
		{592F2FFE-025A-4BE3-89EE-830641769E0B}.Debug|x64.ActiveCfg = Debug|x64
		{592F2FFE-025A-4BE3-89EE-830641769E0B}.Debug|x64.Build.0 = Debug|x64
		{592F2FFE-025A-4BE3-89EE-830641769E0B}.Debug|x86.ActiveCfg = Debug|Win32
		{592F2FFE-025A-4BE3-89EE-830641769E0B}.Debug|x86.Build.0 = Debug|Win32
		{592F2FFE-025A-4BE3-89EE-830641769E0B}.Free_win7|x64.ActiveCfg = Release|x64
		{592F2FFE-025A-4BE3-89EE-830641769E0B}.Free_win7|x64.Build.0 = Release|x64
		{592F2FFE-025A-4BE3-89EE-830641769E0B}.Free_win7|x86.ActiveCfg = Release|Win32
		{592F2FFE-025A-4BE3-89EE-830641769E0B}.Free_win7|x86.Build.0 = Release|Win32
		{592F2FFE-025A-4BE3-89EE-830641769E0B}.Free_wlh|x64.ActiveCfg = Release|x64
		{592F2FFE-025A-4BE3-89EE-830641769E0B}.Free_wlh|x64.Build.0 = Release|x64
		{592F2FFE-025A-4BE3-89EE-830641769E0B}.Free_wlh|x86.ActiveCfg = Release|Win32
		{592F2FFE-025A-4BE3-89EE-830641769E0B}.Free_wlh|x86.Build.0 = Release|Win32
		{592F2FFE-025A-4BE3-89EE-830641769E0B}.Free_wnet|x64.ActiveCfg = Release|x64
		{592F2FFE-025A-4BE3-89EE-830641769E0B}.Free_wnet|x64.Build.0 = Release|x64
		{592F2FFE-025A-4BE3-89EE-830641769E0B}.Free_wnet|x86.ActiveCfg = Release|Win32
		{592F2FFE-025A-4BE3-89EE-830641769E0B}.Free_wnet|x86.Build.0 = Release|Win32
		{592F2FFE-025A-4BE3-89EE-830641769E0B}.Free_wxp|x64.ActiveCfg = Release|x64
		{592F2FFE-025A-4BE3-89EE-830641769E0B}.Free_wxp|x64.Build.0 = Release|x64
		{592F2FFE-025A-4BE3-89EE-830641769E0B}.Free_wxp|x86.ActiveCfg = Release|Win32
		{592F2FFE-025A-4BE3-89EE-830641769E0B}.Free_wxp|x86.Build.0 = Release|Win32
		{592F2FFE-025A-4BE3-89EE-830641769E0B}.Release|x64.ActiveCfg = Release|x64
		{592F2FFE-025A-4BE3-89EE-830641769E0B}.Release|x64.Build.0 = Release|x64
		{592F2FFE-025A-4BE3-89EE-830641769E0B}.Release|x86.ActiveCfg = Release|Win32
		{592F2FFE-025A-4BE3-89EE-830641769E0B}.Release|x86.Build.0 = Release|Win32
	EndGlobalSection
	GlobalSection(SolutionProperties) = preSolution
		HideSolutionNode = FALSE
	EndGlobalSection
EndGlobal
