
Microsoft Visual Studio Solution File, Format Version 12.00
# Visual Studio 2013
VisualStudioVersion = 12.0.21005.1
MinimumVisualStudioVersion = 10.0.40219.1
Project("{8BC9CEB8-8B4A-11D0-8D11-00A0C91BC942}") = "lz77", "lz77\lz77.vcxproj", "{B51C9DC8-C1B1-4B0F-89BB-2B0DF34EEBAD}"
EndProject
Project("{8BC9CEB8-8B4A-11D0-8D11-00A0C91BC942}") = "exwatfopck", "exwatfopck\exwatfopck.vcxproj", "{114DD84C-2BA0-4710-9426-2482F4B81E13}"
EndProject
Project("{8BC9CEB8-8B4A-11D0-8D11-00A0C91BC942}") = "ps3tex2pctex", "ps3tex2pctex\ps3tex2pctex.vcxproj", "{B0E05402-B2F0-4E35-BEF5-020C1F42E730}"
EndProject
Project("{8BC9CEB8-8B4A-11D0-8D11-00A0C91BC942}") = "png2tex", "png2tex\png2tex.vcxproj", "{5BC70748-6369-47BC-91CC-819137BC7F51}"
EndProject
Project("{8BC9CEB8-8B4A-11D0-8D11-00A0C91BC942}") = "de_facelz7", "de_facelz7\de_facelz7.vcxproj", "{B48AF740-F690-49DC-8A7D-12C711C9030E}"
EndProject
Global
	GlobalSection(SolutionConfigurationPlatforms) = preSolution
		Debug|Win32 = Debug|Win32
		Release|Win32 = Release|Win32
	EndGlobalSection
	GlobalSection(ProjectConfigurationPlatforms) = postSolution
		{B51C9DC8-C1B1-4B0F-89BB-2B0DF34EEBAD}.Debug|Win32.ActiveCfg = Debug|Win32
		{B51C9DC8-C1B1-4B0F-89BB-2B0DF34EEBAD}.Debug|Win32.Build.0 = Debug|Win32
		{B51C9DC8-C1B1-4B0F-89BB-2B0DF34EEBAD}.Release|Win32.ActiveCfg = Release|Win32
		{B51C9DC8-C1B1-4B0F-89BB-2B0DF34EEBAD}.Release|Win32.Build.0 = Release|Win32
		{114DD84C-2BA0-4710-9426-2482F4B81E13}.Debug|Win32.ActiveCfg = Debug|Win32
		{114DD84C-2BA0-4710-9426-2482F4B81E13}.Debug|Win32.Build.0 = Debug|Win32
		{114DD84C-2BA0-4710-9426-2482F4B81E13}.Release|Win32.ActiveCfg = Release|Win32
		{114DD84C-2BA0-4710-9426-2482F4B81E13}.Release|Win32.Build.0 = Release|Win32
		{B0E05402-B2F0-4E35-BEF5-020C1F42E730}.Debug|Win32.ActiveCfg = Debug|Win32
		{B0E05402-B2F0-4E35-BEF5-020C1F42E730}.Debug|Win32.Build.0 = Debug|Win32
		{B0E05402-B2F0-4E35-BEF5-020C1F42E730}.Release|Win32.ActiveCfg = Release|Win32
		{B0E05402-B2F0-4E35-BEF5-020C1F42E730}.Release|Win32.Build.0 = Release|Win32
		{5BC70748-6369-47BC-91CC-819137BC7F51}.Debug|Win32.ActiveCfg = Debug|Win32
		{5BC70748-6369-47BC-91CC-819137BC7F51}.Debug|Win32.Build.0 = Debug|Win32
		{5BC70748-6369-47BC-91CC-819137BC7F51}.Release|Win32.ActiveCfg = Release|Win32
		{5BC70748-6369-47BC-91CC-819137BC7F51}.Release|Win32.Build.0 = Release|Win32
		{B48AF740-F690-49DC-8A7D-12C711C9030E}.Debug|Win32.ActiveCfg = Debug|Win32
		{B48AF740-F690-49DC-8A7D-12C711C9030E}.Debug|Win32.Build.0 = Debug|Win32
		{B48AF740-F690-49DC-8A7D-12C711C9030E}.Release|Win32.ActiveCfg = Release|Win32
		{B48AF740-F690-49DC-8A7D-12C711C9030E}.Release|Win32.Build.0 = Release|Win32
	EndGlobalSection
	GlobalSection(SolutionProperties) = preSolution
		HideSolutionNode = FALSE
	EndGlobalSection
EndGlobal
